
Microsoft Visual Studio Solution File, Format Version 12.00
# Visual Studio Version 17
VisualStudioVersion = 17.1.32328.378
MinimumVisualStudioVersion = 10.0.40219.1
Project("{FAE04EC0-301F-11D3-BF4B-00C04F79EFBC}") = "PruebaEF", "PruebaEF\PruebaEF.csproj", "{B900E8F2-BC7A-4CD0-BDE2-92D93923B423}"
EndProject
Global
	GlobalSection(SolutionConfigurationPlatforms) = preSolution
		Debug|Any CPU = Debug|Any CPU
		Release|Any CPU = Release|Any CPU
	EndGlobalSection
	GlobalSection(ProjectConfigurationPlatforms) = postSolution
		{B900E8F2-BC7A-4CD0-BDE2-92D93923B423}.Debug|Any CPU.ActiveCfg = Debug|Any CPU
		{B900E8F2-BC7A-4CD0-BDE2-92D93923B423}.Debug|Any CPU.Build.0 = Debug|Any CPU
		{B900E8F2-BC7A-4CD0-BDE2-92D93923B423}.Release|Any CPU.ActiveCfg = Release|Any CPU
		{B900E8F2-BC7A-4CD0-BDE2-92D93923B423}.Release|Any CPU.Build.0 = Release|Any CPU
	EndGlobalSection
	GlobalSection(SolutionProperties) = preSolution
		HideSolutionNode = FALSE
	EndGlobalSection
	GlobalSection(ExtensibilityGlobals) = postSolution
		SolutionGuid = {A1E6454A-4DDD-4AA6-9AC3-CBD57ACB3C78}
	EndGlobalSection
EndGlobal
